
Microsoft Visual Studio Solution File, Format Version 12.00
# Visual Studio Version 17
VisualStudioVersion = 17.1.32210.238
MinimumVisualStudioVersion = 10.0.40219.1
Project("{FAE04EC0-301F-11D3-BF4B-00C04F79EFBC}") = "ExercicioEmploye", "ExercicioEmploye\ExercicioEmploye.csproj", "{A73A105D-C674-4A87-84DC-B4CF0019CBDB}"
EndProject
Global
	GlobalSection(SolutionConfigurationPlatforms) = preSolution
		Debug|Any CPU = Debug|Any CPU
		Release|Any CPU = Release|Any CPU
	EndGlobalSection
	GlobalSection(ProjectConfigurationPlatforms) = postSolution
		{A73A105D-C674-4A87-84DC-B4CF0019CBDB}.Debug|Any CPU.ActiveCfg = Debug|Any CPU
		{A73A105D-C674-4A87-84DC-B4CF0019CBDB}.Debug|Any CPU.Build.0 = Debug|Any CPU
		{A73A105D-C674-4A87-84DC-B4CF0019CBDB}.Release|Any CPU.ActiveCfg = Release|Any CPU
		{A73A105D-C674-4A87-84DC-B4CF0019CBDB}.Release|Any CPU.Build.0 = Release|Any CPU
	EndGlobalSection
	GlobalSection(SolutionProperties) = preSolution
		HideSolutionNode = FALSE
	EndGlobalSection
	GlobalSection(ExtensibilityGlobals) = postSolution
		SolutionGuid = {CD040690-F62E-429A-B0B5-DB1C2B7F33FB}
	EndGlobalSection
EndGlobal
